
Microsoft Visual Studio Solution File, Format Version 12.00
# Visual Studio 15
VisualStudioVersion = 15.0.26124.0
MinimumVisualStudioVersion = 15.0.26124.0
Project("{2150E333-8FDC-42A3-9474-1A3956D46DE8}") = "extension", "extension", "{6033835A-23A5-46D0-B3BE-179F28F9EDD0}"
EndProject
Project("{FAE04EC0-301F-11D3-BF4B-00C04F79EFBC}") = "HealthCheck", "extension\HealthCheck\HealthCheck.csproj", "{12A6FCCE-3359-45AD-81A8-ED817C2A38B1}"
EndProject
Project("{FAE04EC0-301F-11D3-BF4B-00C04F79EFBC}") = "HealthCheck.Tests", "extension\HealthCheck.Tests\HealthCheck.Tests.csproj", "{9CBF44BA-3681-47BB-94BA-8D8DD51FB6C8}"
EndProject
Global
	GlobalSection(SolutionConfigurationPlatforms) = preSolution
		Debug|Any CPU = Debug|Any CPU
		Debug|x64 = Debug|x64
		Debug|x86 = Debug|x86
		Release|Any CPU = Release|Any CPU
		Release|x64 = Release|x64
		Release|x86 = Release|x86
	EndGlobalSection
	GlobalSection(SolutionProperties) = preSolution
		HideSolutionNode = FALSE
	EndGlobalSection
	GlobalSection(ProjectConfigurationPlatforms) = postSolution
		{12A6FCCE-3359-45AD-81A8-ED817C2A38B1}.Debug|Any CPU.ActiveCfg = Debug|Any CPU
		{12A6FCCE-3359-45AD-81A8-ED817C2A38B1}.Debug|Any CPU.Build.0 = Debug|Any CPU
		{12A6FCCE-3359-45AD-81A8-ED817C2A38B1}.Debug|x64.ActiveCfg = Debug|Any CPU
		{12A6FCCE-3359-45AD-81A8-ED817C2A38B1}.Debug|x64.Build.0 = Debug|Any CPU
		{12A6FCCE-3359-45AD-81A8-ED817C2A38B1}.Debug|x86.ActiveCfg = Debug|Any CPU
		{12A6FCCE-3359-45AD-81A8-ED817C2A38B1}.Debug|x86.Build.0 = Debug|Any CPU
		{12A6FCCE-3359-45AD-81A8-ED817C2A38B1}.Release|Any CPU.ActiveCfg = Release|Any CPU
		{12A6FCCE-3359-45AD-81A8-ED817C2A38B1}.Release|Any CPU.Build.0 = Release|Any CPU
		{12A6FCCE-3359-45AD-81A8-ED817C2A38B1}.Release|x64.ActiveCfg = Release|Any CPU
		{12A6FCCE-3359-45AD-81A8-ED817C2A38B1}.Release|x64.Build.0 = Release|Any CPU
		{12A6FCCE-3359-45AD-81A8-ED817C2A38B1}.Release|x86.ActiveCfg = Release|Any CPU
		{12A6FCCE-3359-45AD-81A8-ED817C2A38B1}.Release|x86.Build.0 = Release|Any CPU
		{9CBF44BA-3681-47BB-94BA-8D8DD51FB6C8}.Debug|Any CPU.ActiveCfg = Debug|Any CPU
		{9CBF44BA-3681-47BB-94BA-8D8DD51FB6C8}.Debug|Any CPU.Build.0 = Debug|Any CPU
		{9CBF44BA-3681-47BB-94BA-8D8DD51FB6C8}.Debug|x64.ActiveCfg = Debug|Any CPU
		{9CBF44BA-3681-47BB-94BA-8D8DD51FB6C8}.Debug|x64.Build.0 = Debug|Any CPU
		{9CBF44BA-3681-47BB-94BA-8D8DD51FB6C8}.Debug|x86.ActiveCfg = Debug|Any CPU
		{9CBF44BA-3681-47BB-94BA-8D8DD51FB6C8}.Debug|x86.Build.0 = Debug|Any CPU
		{9CBF44BA-3681-47BB-94BA-8D8DD51FB6C8}.Release|Any CPU.ActiveCfg = Release|Any CPU
		{9CBF44BA-3681-47BB-94BA-8D8DD51FB6C8}.Release|Any CPU.Build.0 = Release|Any CPU
		{9CBF44BA-3681-47BB-94BA-8D8DD51FB6C8}.Release|x64.ActiveCfg = Release|Any CPU
		{9CBF44BA-3681-47BB-94BA-8D8DD51FB6C8}.Release|x64.Build.0 = Release|Any CPU
		{9CBF44BA-3681-47BB-94BA-8D8DD51FB6C8}.Release|x86.ActiveCfg = Release|Any CPU
		{9CBF44BA-3681-47BB-94BA-8D8DD51FB6C8}.Release|x86.Build.0 = Release|Any CPU
	EndGlobalSection
	GlobalSection(NestedProjects) = preSolution
		{12A6FCCE-3359-45AD-81A8-ED817C2A38B1} = {6033835A-23A5-46D0-B3BE-179F28F9EDD0}
		{9CBF44BA-3681-47BB-94BA-8D8DD51FB6C8} = {6033835A-23A5-46D0-B3BE-179F28F9EDD0}
	EndGlobalSection
EndGlobal
